
Microsoft Visual Studio Solution File, Format Version 12.00
# Visual Studio Version 17
VisualStudioVersion = 17.4.33213.308
MinimumVisualStudioVersion = 10.0.40219.1
Project("{FAE04EC0-301F-11D3-BF4B-00C04F79EFBC}") = "LC-UC4", "LC-UC4\LC-UC4.csproj", "{DD3A0B34-C964-4E3C-A539-415A2CA112A6}"
EndProject
Global
	GlobalSection(SolutionConfigurationPlatforms) = preSolution
		Debug|Any CPU = Debug|Any CPU
		Release|Any CPU = Release|Any CPU
	EndGlobalSection
	GlobalSection(ProjectConfigurationPlatforms) = postSolution
		{DD3A0B34-C964-4E3C-A539-415A2CA112A6}.Debug|Any CPU.ActiveCfg = Debug|Any CPU
		{DD3A0B34-C964-4E3C-A539-415A2CA112A6}.Debug|Any CPU.Build.0 = Debug|Any CPU
		{DD3A0B34-C964-4E3C-A539-415A2CA112A6}.Release|Any CPU.ActiveCfg = Release|Any CPU
		{DD3A0B34-C964-4E3C-A539-415A2CA112A6}.Release|Any CPU.Build.0 = Release|Any CPU
	EndGlobalSection
	GlobalSection(SolutionProperties) = preSolution
		HideSolutionNode = FALSE
	EndGlobalSection
	GlobalSection(ExtensibilityGlobals) = postSolution
		SolutionGuid = {A6A325E3-1368-4A65-9A21-837CD5434803}
	EndGlobalSection
EndGlobal
